
Microsoft Visual Studio Solution File, Format Version 12.00
# Visual Studio Version 16
VisualStudioVersion = 16.0.32228.343
MinimumVisualStudioVersion = 10.0.40219.1
Project("{FAE04EC0-301F-11D3-BF4B-00C04F79EFBC}") = "Labb2_LINQ", "Labb2_LINQ\Labb2_LINQ.csproj", "{EEC42F58-2C00-43B3-BCD7-82DC567144EE}"
EndProject
Global
	GlobalSection(SolutionConfigurationPlatforms) = preSolution
		Debug|Any CPU = Debug|Any CPU
		Release|Any CPU = Release|Any CPU
	EndGlobalSection
	GlobalSection(ProjectConfigurationPlatforms) = postSolution
		{EEC42F58-2C00-43B3-BCD7-82DC567144EE}.Debug|Any CPU.ActiveCfg = Debug|Any CPU
		{EEC42F58-2C00-43B3-BCD7-82DC567144EE}.Debug|Any CPU.Build.0 = Debug|Any CPU
		{EEC42F58-2C00-43B3-BCD7-82DC567144EE}.Release|Any CPU.ActiveCfg = Release|Any CPU
		{EEC42F58-2C00-43B3-BCD7-82DC567144EE}.Release|Any CPU.Build.0 = Release|Any CPU
	EndGlobalSection
	GlobalSection(SolutionProperties) = preSolution
		HideSolutionNode = FALSE
	EndGlobalSection
	GlobalSection(ExtensibilityGlobals) = postSolution
		SolutionGuid = {828E7998-8DF6-4D7D-9F30-943389313BF2}
	EndGlobalSection
EndGlobal
